{
  "version": "4",
  "specifiers": {
    "jsr:@std/assert@*": "1.0.14",
    "jsr:@std/cli@1.0.6": "1.0.6",
    "jsr:@std/cli@^1.0.6": "1.0.6",
    "jsr:@std/dotenv@0.225.2": "0.225.2",
    "jsr:@std/encoding@^1.0.5": "1.0.10",
    "jsr:@std/fmt@^1.0.2": "1.0.8",
    "jsr:@std/http@1.0.7": "1.0.7",
    "jsr:@std/internal@^1.0.10": "1.0.10",
    "jsr:@std/media-types@^1.0.3": "1.1.0",
    "jsr:@std/net@^1.0.4": "1.0.5",
    "jsr:@std/path@^1.0.6": "1.1.2",
    "jsr:@std/streams@^1.0.6": "1.0.11"
  },
  "jsr": {
    "@std/assert@1.0.14": {
      "integrity": "68d0d4a43b365abc927f45a9b85c639ea18a9fab96ad92281e493e4ed84abaa4",
      "dependencies": [
        "jsr:@std/internal"
      ]
    },
    "@std/cli@1.0.6": {
      "integrity": "d22d8b38c66c666d7ad1f2a66c5b122da1704f985d3c47f01129f05abb6c5d3d"
    },
    "@std/dotenv@0.225.2": {
      "integrity": "e2025dce4de6c7bca21dece8baddd4262b09d5187217e231b033e088e0c4dd23"
    },
    "@std/encoding@1.0.10": {
      "integrity": "8783c6384a2d13abd5e9e87a7ae0520a30e9f56aeeaa3bdf910a3eaaf5c811a1"
    },
    "@std/fmt@1.0.8": {
      "integrity": "71e1fc498787e4434d213647a6e43e794af4fd393ef8f52062246e06f7e372b7"
    },
    "@std/http@1.0.7": {
      "integrity": "9b904fc256678a5c9759f1a53a24a3fdcc59d83dc62099bb472683b6f819194c",
      "dependencies": [
        "jsr:@std/cli@^1.0.6",
        "jsr:@std/encoding",
        "jsr:@std/fmt",
        "jsr:@std/media-types",
        "jsr:@std/net",
        "jsr:@std/path",
        "jsr:@std/streams"
      ]
    },
    "@std/internal@1.0.10": {
      "integrity": "e3be62ce42cab0e177c27698e5d9800122f67b766a0bea6ca4867886cbde8cf7"
    },
    "@std/media-types@1.1.0": {
      "integrity": "c9d093f0c05c3512932b330e3cc1fe1d627b301db33a4c2c2185c02471d6eaa4"
    },
    "@std/net@1.0.5": {
      "integrity": "b759d8c5e17d997e164af6379d57764668c6714f30109685eec0fd5e194d501a"
    },
    "@std/path@1.1.2": {
      "integrity": "c0b13b97dfe06546d5e16bf3966b1cadf92e1cc83e56ba5476ad8b498d9e3038",
      "dependencies": [
        "jsr:@std/internal"
      ]
    },
    "@std/streams@1.0.11": {
      "integrity": "db583d27e28d133f389f1eec318cffdf4998305e5134c1d4b1c56b361cee6018"
    }
  },
  "workspace": {
    "dependencies": [
      "jsr:@std/assert@1.0.6",
      "jsr:@std/cli@1.0.6",
      "jsr:@std/dotenv@0.225.2",
      "jsr:@std/http@1.0.7"
    ]
  }
}
